
Microsoft Visual Studio Solution File, Format Version 12.00
# Visual Studio Version 17
VisualStudioVersion = 17.9.34728.123
MinimumVisualStudioVersion = 10.0.40219.1
Project("{FAE04EC0-301F-11D3-BF4B-00C04F79EFBC}") = "MagicVilla_villaApi", "MagicVilla_villaApi\MagicVilla_villaApi.csproj", "{D684DAD8-857B-408C-91CB-6ED7CF959D3A}"
EndProject
Global
	GlobalSection(SolutionConfigurationPlatforms) = preSolution
		Debug|Any CPU = Debug|Any CPU
		Release|Any CPU = Release|Any CPU
	EndGlobalSection
	GlobalSection(ProjectConfigurationPlatforms) = postSolution
		{D684DAD8-857B-408C-91CB-6ED7CF959D3A}.Debug|Any CPU.ActiveCfg = Debug|Any CPU
		{D684DAD8-857B-408C-91CB-6ED7CF959D3A}.Debug|Any CPU.Build.0 = Debug|Any CPU
		{D684DAD8-857B-408C-91CB-6ED7CF959D3A}.Release|Any CPU.ActiveCfg = Release|Any CPU
		{D684DAD8-857B-408C-91CB-6ED7CF959D3A}.Release|Any CPU.Build.0 = Release|Any CPU
	EndGlobalSection
	GlobalSection(SolutionProperties) = preSolution
		HideSolutionNode = FALSE
	EndGlobalSection
	GlobalSection(ExtensibilityGlobals) = postSolution
		SolutionGuid = {2151F28D-387D-4AC6-8B83-387558C4F1E6}
	EndGlobalSection
EndGlobal
